
Microsoft Visual Studio Solution File, Format Version 12.00
# Visual Studio 15
VisualStudioVersion = 15.0.28307.1525
MinimumVisualStudioVersion = 10.0.40219.1
Project("{FAE04EC0-301F-11D3-BF4B-00C04F79EFBC}") = "ProductCrud", "ProductCrud\ProductCrud.csproj", "{36566838-063A-4D52-A370-50D915F826E3}"
EndProject
Global
	GlobalSection(SolutionConfigurationPlatforms) = preSolution
		Debug|Any CPU = Debug|Any CPU
		Release|Any CPU = Release|Any CPU
	EndGlobalSection
	GlobalSection(ProjectConfigurationPlatforms) = postSolution
		{36566838-063A-4D52-A370-50D915F826E3}.Debug|Any CPU.ActiveCfg = Debug|Any CPU
		{36566838-063A-4D52-A370-50D915F826E3}.Debug|Any CPU.Build.0 = Debug|Any CPU
		{36566838-063A-4D52-A370-50D915F826E3}.Release|Any CPU.ActiveCfg = Release|Any CPU
		{36566838-063A-4D52-A370-50D915F826E3}.Release|Any CPU.Build.0 = Release|Any CPU
	EndGlobalSection
	GlobalSection(SolutionProperties) = preSolution
		HideSolutionNode = FALSE
	EndGlobalSection
	GlobalSection(ExtensibilityGlobals) = postSolution
		SolutionGuid = {CF1DB3E7-A6A1-495F-A29B-4EFE3DDE31B7}
	EndGlobalSection
EndGlobal
